// !$*UTF8*$!
{
	archiveVersion = 1;
	classes = {
	};
	objectVersion = 46;
	objects = {

/* Begin PBXBuildFile section */
		320FBBFE63F496FB24B5FFD8 /* Podfile in Resources */ = {isa = PBXBuildFile; fileRef = 320FB9C8043583D556C6C503 /* Podfile */; };
		403270FF1621056600E44DDB /* APWaveFormView.m in Sources */ = {isa = PBXBuildFile; fileRef = 403270FE1621056500E44DDB /* APWaveFormView.m */; };
		404152CC17B1D74E00B2F72A /* airport_deck.m4a in Resources */ = {isa = PBXBuildFile; fileRef = 40A2DA8817B1D6BD00EDC0CB /* airport_deck.m4a */; };
		404152CD17B1D74E00B2F72A /* airport_in.m4a in Resources */ = {isa = PBXBuildFile; fileRef = 40A2DA8917B1D6BD00EDC0CB /* airport_in.m4a */; };
		404152CE17B1D74E00B2F72A /* crickets.m4a in Resources */ = {isa = PBXBuildFile; fileRef = 40A2DA8A17B1D6BD00EDC0CB /* crickets.m4a */; };
		404152CF17B1D74E00B2F72A /* fire.m4a in Resources */ = {isa = PBXBuildFile; fileRef = 40A2DA8B17B1D6BD00EDC0CB /* fire.m4a */; };
		404152D017B1D74E00B2F72A /* forest.m4a in Resources */ = {isa = PBXBuildFile; fileRef = 40A2DA8C17B1D6BD00EDC0CB /* forest.m4a */; };
		404152D117B1D74E00B2F72A /* ocean.m4a in Resources */ = {isa = PBXBuildFile; fileRef = 40A2DA8D17B1D6BD00EDC0CB /* ocean.m4a */; };
		404152D217B1D74E00B2F72A /* rain.m4a in Resources */ = {isa = PBXBuildFile; fileRef = 40A2DA8E17B1D6BE00EDC0CB /* rain.m4a */; };
		404152D317B1D74E00B2F72A /* stream.m4a in Resources */ = {isa = PBXBuildFile; fileRef = 40A2DA9017B1D6BE00EDC0CB /* stream.m4a */; };
		404152D417B1D74E00B2F72A /* waterfall.m4a in Resources */ = {isa = PBXBuildFile; fileRef = 40A2DA9117B1D6BE00EDC0CB /* waterfall.m4a */; };
		404152D717B1E0FB00B2F72A /* pub.jpg in Resources */ = {isa = PBXBuildFile; fileRef = 404152D517B1E0FB00B2F72A /* pub.jpg */; };
		404152D817B1E0FB00B2F72A /* pub@2x.jpg in Resources */ = {isa = PBXBuildFile; fileRef = 404152D617B1E0FB00B2F72A /* pub@2x.jpg */; };
		404152DA17B1E28800B2F72A /* pub.m4a in Resources */ = {isa = PBXBuildFile; fileRef = 404152D917B1E28800B2F72A /* pub.m4a */; };
		404152DD17B2992500B2F72A /* fireworks.jpg in Resources */ = {isa = PBXBuildFile; fileRef = 404152DB17B2992500B2F72A /* fireworks.jpg */; };
		404152DE17B2992500B2F72A /* fireworks@2x.jpg in Resources */ = {isa = PBXBuildFile; fileRef = 404152DC17B2992500B2F72A /* fireworks@2x.jpg */; };
		404152E017B2992D00B2F72A /* fireworks.m4a in Resources */ = {isa = PBXBuildFile; fileRef = 404152DF17B2992D00B2F72A /* fireworks.m4a */; };
		404152E517B29F5500B2F72A /* cicada.jpg in Resources */ = {isa = PBXBuildFile; fileRef = 404152E117B29F5500B2F72A /* cicada.jpg */; };
		404152E617B29F5500B2F72A /* cicada@2x.jpg in Resources */ = {isa = PBXBuildFile; fileRef = 404152E217B29F5500B2F72A /* cicada@2x.jpg */; };
		404152E717B29F5500B2F72A /* seagull.jpg in Resources */ = {isa = PBXBuildFile; fileRef = 404152E317B29F5500B2F72A /* seagull.jpg */; };
		404152E817B29F5500B2F72A /* seagull@2x.jpg in Resources */ = {isa = PBXBuildFile; fileRef = 404152E417B29F5500B2F72A /* seagull@2x.jpg */; };
		404152EB17B29F5E00B2F72A /* cicada.m4a in Resources */ = {isa = PBXBuildFile; fileRef = 404152E917B29F5E00B2F72A /* cicada.m4a */; };
		404152EC17B29F5E00B2F72A /* seagull.m4a in Resources */ = {isa = PBXBuildFile; fileRef = 404152EA17B29F5E00B2F72A /* seagull.m4a */; };
		404152EF17B2A53600B2F72A /* thunder.jpg in Resources */ = {isa = PBXBuildFile; fileRef = 404152ED17B2A53600B2F72A /* thunder.jpg */; };
		404152F017B2A53600B2F72A /* thunder@2x.jpg in Resources */ = {isa = PBXBuildFile; fileRef = 404152EE17B2A53600B2F72A /* thunder@2x.jpg */; };
		404152F217B2A53E00B2F72A /* thunder.m4a in Resources */ = {isa = PBXBuildFile; fileRef = 404152F117B2A53E00B2F72A /* thunder.m4a */; };
		405E060815FB381E00C93E26 /* rain.jpg in Resources */ = {isa = PBXBuildFile; fileRef = 405E060715FB381E00C93E26 /* rain.jpg */; };
		405E061815FB3F5200C93E26 /* forest.jpg in Resources */ = {isa = PBXBuildFile; fileRef = 405E061515FB3F5200C93E26 /* forest.jpg */; };
		405E061915FB3F5200C93E26 /* ocean.jpg in Resources */ = {isa = PBXBuildFile; fileRef = 405E061615FB3F5200C93E26 /* ocean.jpg */; };
		405E061A15FB3F5200C93E26 /* stream.jpg in Resources */ = {isa = PBXBuildFile; fileRef = 405E061715FB3F5200C93E26 /* stream.jpg */; };
		405E062715FB4D9C00C93E26 /* crickets.jpg in Resources */ = {isa = PBXBuildFile; fileRef = 405E062615FB4D9C00C93E26 /* crickets.jpg */; };
		406A52D11644EDEF003CA38D /* paper.png in Resources */ = {isa = PBXBuildFile; fileRef = 406A52CF1644EDEF003CA38D /* paper.png */; };
		406A52D21644EDEF003CA38D /* paper@2x.png in Resources */ = {isa = PBXBuildFile; fileRef = 406A52D01644EDEF003CA38D /* paper@2x.png */; };
		406A52D81644F163003CA38D /* delete.png in Resources */ = {isa = PBXBuildFile; fileRef = 406A52D41644F162003CA38D /* delete.png */; };
		406A52D91644F163003CA38D /* delete@2x.png in Resources */ = {isa = PBXBuildFile; fileRef = 406A52D51644F163003CA38D /* delete@2x.png */; };
		406A52DA1644F163003CA38D /* share.png in Resources */ = {isa = PBXBuildFile; fileRef = 406A52D61644F163003CA38D /* share.png */; };
		406A52DB1644F163003CA38D /* share@2x.png in Resources */ = {isa = PBXBuildFile; fileRef = 406A52D71644F163003CA38D /* share@2x.png */; };
		406A52DE1644F26A003CA38D /* back.png in Resources */ = {isa = PBXBuildFile; fileRef = 406A52DC1644F26A003CA38D /* back.png */; };
		406A52DF1644F26A003CA38D /* back@2x.png in Resources */ = {isa = PBXBuildFile; fileRef = 406A52DD1644F26A003CA38D /* back@2x.png */; };
		406A52E61644F34F003CA38D /* Localizable.strings in Resources */ = {isa = PBXBuildFile; fileRef = 406A52E81644F34F003CA38D /* Localizable.strings */; };
		406A52F616451050003CA38D /* fire.jpg in Resources */ = {isa = PBXBuildFile; fileRef = 406A52F416451050003CA38D /* fire.jpg */; };
		406A52F716451050003CA38D /* fire@2x.jpg in Resources */ = {isa = PBXBuildFile; fileRef = 406A52F516451050003CA38D /* fire@2x.jpg */; };
		406A5300164530AA003CA38D /* addimage@2x.png in Resources */ = {isa = PBXBuildFile; fileRef = 406A52FD1645309F003CA38D /* addimage@2x.png */; };
		406A5301164530AE003CA38D /* addimage.png in Resources */ = {isa = PBXBuildFile; fileRef = 406A52FC1645309F003CA38D /* addimage.png */; };
		407DB503162721850075D935 /* Social.framework in Frameworks */ = {isa = PBXBuildFile; fileRef = 407DB502162721850075D935 /* Social.framework */; };
		407DB585162AAB460075D935 /* airport_deck.jpg in Resources */ = {isa = PBXBuildFile; fileRef = 407DB583162AAB460075D935 /* airport_deck.jpg */; };
		407DB586162AAB460075D935 /* airport_deck@2x.jpg in Resources */ = {isa = PBXBuildFile; fileRef = 407DB584162AAB460075D935 /* airport_deck@2x.jpg */; };
		4084D43617E6A61C0075A649 /* Images.xcassets in Resources */ = {isa = PBXBuildFile; fileRef = 4084D43517E6A61C0075A649 /* Images.xcassets */; };
		4084D43A17E6B4D70075A649 /* slider_left@2x.png in Resources */ = {isa = PBXBuildFile; fileRef = 4084D43717E6B4D70075A649 /* slider_left@2x.png */; };
		4084D43B17E6B4D70075A649 /* slider_right@2x.png in Resources */ = {isa = PBXBuildFile; fileRef = 4084D43817E6B4D70075A649 /* slider_right@2x.png */; };
		4084D43C17E6B4D70075A649 /* slider_thumb@2x.png in Resources */ = {isa = PBXBuildFile; fileRef = 4084D43917E6B4D70075A649 /* slider_thumb@2x.png */; };
		4084D44017E6B6E90075A649 /* slider_left.png in Resources */ = {isa = PBXBuildFile; fileRef = 4084D43D17E6B6E90075A649 /* slider_left.png */; };
		4084D44117E6B6E90075A649 /* slider_right.png in Resources */ = {isa = PBXBuildFile; fileRef = 4084D43E17E6B6E90075A649 /* slider_right.png */; };
		4084D44217E6B6E90075A649 /* slider_thumb.png in Resources */ = {isa = PBXBuildFile; fileRef = 4084D43F17E6B6E90075A649 /* slider_thumb.png */; };
		409D4F0D1608314E00261E70 /* APSoundSelectViewCell.m in Sources */ = {isa = PBXBuildFile; fileRef = 409D4F0C1608314D00261E70 /* APSoundSelectViewCell.m */; };
		40A2069015F67790004BE2E1 /* UIKit.framework in Frameworks */ = {isa = PBXBuildFile; fileRef = 40A2068F15F67790004BE2E1 /* UIKit.framework */; };
		40A2069215F67790004BE2E1 /* Foundation.framework in Frameworks */ = {isa = PBXBuildFile; fileRef = 40A2069115F67790004BE2E1 /* Foundation.framework */; };
		40A2069415F67790004BE2E1 /* CoreGraphics.framework in Frameworks */ = {isa = PBXBuildFile; fileRef = 40A2069315F67790004BE2E1 /* CoreGraphics.framework */; };
		40A2069A15F67790004BE2E1 /* InfoPlist.strings in Resources */ = {isa = PBXBuildFile; fileRef = 40A2069815F67790004BE2E1 /* InfoPlist.strings */; };
		40A2069C15F67790004BE2E1 /* main.m in Sources */ = {isa = PBXBuildFile; fileRef = 40A2069B15F67790004BE2E1 /* main.m */; };
		40A206A015F67790004BE2E1 /* APAppDelegate.m in Sources */ = {isa = PBXBuildFile; fileRef = 40A2069F15F67790004BE2E1 /* APAppDelegate.m */; };
		40A206A315F67790004BE2E1 /* APViewController.m in Sources */ = {isa = PBXBuildFile; fileRef = 40A206A215F67790004BE2E1 /* APViewController.m */; };
		40A206B115F67791004BE2E1 /* SenTestingKit.framework in Frameworks */ = {isa = PBXBuildFile; fileRef = 40A206B015F67791004BE2E1 /* SenTestingKit.framework */; };
		40A206B215F67791004BE2E1 /* UIKit.framework in Frameworks */ = {isa = PBXBuildFile; fileRef = 40A2068F15F67790004BE2E1 /* UIKit.framework */; };
		40A206B315F67791004BE2E1 /* Foundation.framework in Frameworks */ = {isa = PBXBuildFile; fileRef = 40A2069115F67790004BE2E1 /* Foundation.framework */; };
		40A206BB15F67791004BE2E1 /* InfoPlist.strings in Resources */ = {isa = PBXBuildFile; fileRef = 40A206B915F67791004BE2E1 /* InfoPlist.strings */; };
		40A206BE15F67791004BE2E1 /* AmbientPlayerTests.m in Sources */ = {isa = PBXBuildFile; fileRef = 40A206BD15F67791004BE2E1 /* AmbientPlayerTests.m */; };
		40A206C815F67C19004BE2E1 /* AVFoundation.framework in Frameworks */ = {isa = PBXBuildFile; fileRef = 40A206C715F67C19004BE2E1 /* AVFoundation.framework */; };
		40A2DA8217B1D0B000EDC0CB /* waterfall.jpg in Resources */ = {isa = PBXBuildFile; fileRef = 40A2DA8017B1D0B000EDC0CB /* waterfall.jpg */; };
		40A2DA8317B1D0B000EDC0CB /* waterfall@2x.jpg in Resources */ = {isa = PBXBuildFile; fileRef = 40A2DA8117B1D0B000EDC0CB /* waterfall@2x.jpg */; };
		40A2DA9217B1D6BE00EDC0CB /* airport_deck.m4a in Resources */ = {isa = PBXBuildFile; fileRef = 40A2DA8817B1D6BD00EDC0CB /* airport_deck.m4a */; };
		40A2DA9317B1D6BE00EDC0CB /* airport_in.m4a in Resources */ = {isa = PBXBuildFile; fileRef = 40A2DA8917B1D6BD00EDC0CB /* airport_in.m4a */; };
		40A2DA9417B1D6BE00EDC0CB /* crickets.m4a in Resources */ = {isa = PBXBuildFile; fileRef = 40A2DA8A17B1D6BD00EDC0CB /* crickets.m4a */; };
		40A2DA9517B1D6BE00EDC0CB /* fire.m4a in Resources */ = {isa = PBXBuildFile; fileRef = 40A2DA8B17B1D6BD00EDC0CB /* fire.m4a */; };
		40A2DA9617B1D6BE00EDC0CB /* forest.m4a in Resources */ = {isa = PBXBuildFile; fileRef = 40A2DA8C17B1D6BD00EDC0CB /* forest.m4a */; };
		40A2DA9717B1D6BE00EDC0CB /* ocean.m4a in Resources */ = {isa = PBXBuildFile; fileRef = 40A2DA8D17B1D6BD00EDC0CB /* ocean.m4a */; };
		40A2DA9817B1D6BE00EDC0CB /* rain.m4a in Resources */ = {isa = PBXBuildFile; fileRef = 40A2DA8E17B1D6BE00EDC0CB /* rain.m4a */; };
		40A2DA9A17B1D6BE00EDC0CB /* stream.m4a in Resources */ = {isa = PBXBuildFile; fileRef = 40A2DA9017B1D6BE00EDC0CB /* stream.m4a */; };
		40A2DA9B17B1D6BE00EDC0CB /* waterfall.m4a in Resources */ = {isa = PBXBuildFile; fileRef = 40A2DA9117B1D6BE00EDC0CB /* waterfall.m4a */; };
		40B6FA2D161904210051FD8B /* airport_in.jpg in Resources */ = {isa = PBXBuildFile; fileRef = 40B6FA2B161904210051FD8B /* airport_in.jpg */; };
		40B6FA2E161904210051FD8B /* airport_in@2x.jpg in Resources */ = {isa = PBXBuildFile; fileRef = 40B6FA2C161904210051FD8B /* airport_in@2x.jpg */; };
		40B6FA4A161A69060051FD8B /* sound.png in Resources */ = {isa = PBXBuildFile; fileRef = 40B6FA48161A69060051FD8B /* sound.png */; };
		40B6FA4B161A69060051FD8B /* sound@2x.png in Resources */ = {isa = PBXBuildFile; fileRef = 40B6FA49161A69060051FD8B /* sound@2x.png */; };
		40B6FA4E161A6A850051FD8B /* add.png in Resources */ = {isa = PBXBuildFile; fileRef = 40B6FA4C161A6A850051FD8B /* add.png */; };
		40B6FA4F161A6A850051FD8B /* add@2x.png in Resources */ = {isa = PBXBuildFile; fileRef = 40B6FA4D161A6A850051FD8B /* add@2x.png */; };
		40B6FA55161BCA730051FD8B /* QuartzCore.framework in Frameworks */ = {isa = PBXBuildFile; fileRef = 40B6FA54161BCA730051FD8B /* QuartzCore.framework */; };
		40B6FA5A161BCB540051FD8B /* APLevelMeterView.m in Sources */ = {isa = PBXBuildFile; fileRef = 40B6FA59161BCB540051FD8B /* APLevelMeterView.m */; };
		40D289BF1608ABC400685175 /* ocean@2x.jpg in Resources */ = {isa = PBXBuildFile; fileRef = 40D289BE1608ABC400685175 /* ocean@2x.jpg */; };
		40D289C21608ACAA00685175 /* rain@2x.jpg in Resources */ = {isa = PBXBuildFile; fileRef = 40D289C11608ACAA00685175 /* rain@2x.jpg */; };
		40D289C41608AE6400685175 /* forest@2x.jpg in Resources */ = {isa = PBXBuildFile; fileRef = 40D289C31608AE6400685175 /* forest@2x.jpg */; };
		40D289C61608B2D400685175 /* crickets@2x.jpg in Resources */ = {isa = PBXBuildFile; fileRef = 40D289C51608B2D400685175 /* crickets@2x.jpg */; };
		40D289C81608B2F200685175 /* stream@2x.jpg in Resources */ = {isa = PBXBuildFile; fileRef = 40D289C71608B2F200685175 /* stream@2x.jpg */; };
		40D289CF1608C46E00685175 /* APGradientBackgroundView.m in Sources */ = {isa = PBXBuildFile; fileRef = 40D289CE1608C46E00685175 /* APGradientBackgroundView.m */; };
		40DB23D716225D5A0015CD81 /* max.png in Resources */ = {isa = PBXBuildFile; fileRef = 40DB23D316225D5A0015CD81 /* max.png */; };
		40DB23D816225D5A0015CD81 /* max@2x.png in Resources */ = {isa = PBXBuildFile; fileRef = 40DB23D416225D5A0015CD81 /* max@2x.png */; };
		40DB23D916225D5A0015CD81 /* min.png in Resources */ = {isa = PBXBuildFile; fileRef = 40DB23D516225D5A0015CD81 /* min.png */; };
		40DB23DA16225D5A0015CD81 /* min@2x.png in Resources */ = {isa = PBXBuildFile; fileRef = 40DB23D616225D5A0015CD81 /* min@2x.png */; };
		40DB23E416229C640015CD81 /* APSoundCellBackView.m in Sources */ = {isa = PBXBuildFile; fileRef = 40DB23E316229C640015CD81 /* APSoundCellBackView.m */; };
		40DB23E81622BA410015CD81 /* APSoundCellBackView.xib in Resources */ = {isa = PBXBuildFile; fileRef = 40DB23E71622BA400015CD81 /* APSoundCellBackView.xib */; };
		40E50C9C160CD88200AEE0B5 /* MediaPlayer.framework in Frameworks */ = {isa = PBXBuildFile; fileRef = 40E50C9B160CD88200AEE0B5 /* MediaPlayer.framework */; };
		7EC929BC15FB475200A5C4A7 /* AudioToolbox.framework in Frameworks */ = {isa = PBXBuildFile; fileRef = 7EC929BB15FB475200A5C4A7 /* AudioToolbox.framework */; };
		7EDE0C0415FB108200789400 /* APCrossFadePlayer.m in Sources */ = {isa = PBXBuildFile; fileRef = 7EDE0C0315FB108200789400 /* APCrossFadePlayer.m */; };
		7EDE0C0C15FB234C00789400 /* iPhone.storyboard in Resources */ = {isa = PBXBuildFile; fileRef = 7EDE0C0B15FB234C00789400 /* iPhone.storyboard */; };
		7EDE0C1215FB2C4300789400 /* APSoundEntry.m in Sources */ = {isa = PBXBuildFile; fileRef = 7EDE0C1115FB2C4300789400 /* APSoundEntry.m */; };
		7EE380811605A69F006647C8 /* CoreAudio.framework in Frameworks */ = {isa = PBXBuildFile; fileRef = 7EE380801605A69F006647C8 /* CoreAudio.framework */; };
		AF05D61C166F1FE1008C6342 /* scshare@2x.png in Resources */ = {isa = PBXBuildFile; fileRef = AF05D61A166F1FE1008C6342 /* scshare@2x.png */; };
		AF05D61D166F1FE1008C6342 /* scshare.png in Resources */ = {isa = PBXBuildFile; fileRef = AF05D61B166F1FE1008C6342 /* scshare.png */; };
		AF4E5D0B15FB376A001438B3 /* APRecordViewController.m in Sources */ = {isa = PBXBuildFile; fileRef = AF4E5D0A15FB376A001438B3 /* APRecordViewController.m */; };
		AF5B0632163BA264000ABBBA /* CoreData.framework in Frameworks */ = {isa = PBXBuildFile; fileRef = AF5B0631163BA264000ABBBA /* CoreData.framework */; };
		AF85BA201677505D002F5380 /* APSoundCloudActivity.m in Sources */ = {isa = PBXBuildFile; fileRef = AF85BA1F1677505D002F5380 /* APSoundCloudActivity.m */; };
		AF85BA2316775178002F5380 /* scshareicon.png in Resources */ = {isa = PBXBuildFile; fileRef = AF85BA2116775178002F5380 /* scshareicon.png */; };
		AF85BA2416775178002F5380 /* scshareicon@2x.png in Resources */ = {isa = PBXBuildFile; fileRef = AF85BA2216775178002F5380 /* scshareicon@2x.png */; };
		AFA421B6184DFF15005B4959 /* APSoundCloudDownloadController.m in Sources */ = {isa = PBXBuildFile; fileRef = AFA421B4184DFF15005B4959 /* APSoundCloudDownloadController.m */; };
		AFA421B7184DFF15005B4959 /* APSoundCloudDownloadController.xib in Resources */ = {isa = PBXBuildFile; fileRef = AFA421B5184DFF15005B4959 /* APSoundCloudDownloadController.xib */; };
		AFB57AA5166F051400294FE0 /* SoundCloud.bundle in Resources */ = {isa = PBXBuildFile; fileRef = AFB57AA4166F050E00294FE0 /* SoundCloud.bundle */; };
		AFC37ECA163BA5080022E023 /* APCustomSoundEntryModels.xcdatamodeld in Sources */ = {isa = PBXBuildFile; fileRef = AFC37EC8163BA5080022E023 /* APCustomSoundEntryModels.xcdatamodeld */; };
		AFC37ECB163BA5080022E023 /* APCustomSoundEntryModels.xcdatamodeld in Sources */ = {isa = PBXBuildFile; fileRef = AFC37EC8163BA5080022E023 /* APCustomSoundEntryModels.xcdatamodeld */; };
		AFC37ECE163BA86A0022E023 /* APCustomSoundEntryModel.m in Sources */ = {isa = PBXBuildFile; fileRef = AFC37ECD163BA86A0022E023 /* APCustomSoundEntryModel.m */; };
		AFC37ECF163BA86A0022E023 /* APCustomSoundEntryModel.m in Sources */ = {isa = PBXBuildFile; fileRef = AFC37ECD163BA86A0022E023 /* APCustomSoundEntryModel.m */; };
		AFFA329D166D9CE200A10743 /* AddressBook.framework in Frameworks */ = {isa = PBXBuildFile; fileRef = AFFA3298166D9CE200A10743 /* AddressBook.framework */; };
		AFFA329E166D9CE200A10743 /* AddressBookUI.framework in Frameworks */ = {isa = PBXBuildFile; fileRef = AFFA3299166D9CE200A10743 /* AddressBookUI.framework */; };
		AFFA329F166D9CE200A10743 /* CoreLocation.framework in Frameworks */ = {isa = PBXBuildFile; fileRef = AFFA329A166D9CE200A10743 /* CoreLocation.framework */; };
		AFFA32A0166D9CE200A10743 /* CoreText.framework in Frameworks */ = {isa = PBXBuildFile; fileRef = AFFA329B166D9CE200A10743 /* CoreText.framework */; };
		AFFA32A1166D9CE200A10743 /* Security.framework in Frameworks */ = {isa = PBXBuildFile; fileRef = AFFA329C166D9CE200A10743 /* Security.framework */; };
		C678FF1530D0406ABE9A9361 /* libPods.a in Frameworks */ = {isa = PBXBuildFile; fileRef = C33270A4DA4642199DF6C48F /* libPods.a */; };
/* End PBXBuildFile section */

/* Begin PBXContainerItemProxy section */
		40A206B415F67791004BE2E1 /* PBXContainerItemProxy */ = {
			isa = PBXContainerItemProxy;
			containerPortal = 40A2068215F67790004BE2E1 /* Project object */;
			proxyType = 1;
			remoteGlobalIDString = 40A2068A15F67790004BE2E1;
			remoteInfo = AmbientPlayer;
		};
/* End PBXContainerItemProxy section */

/* Begin PBXFileReference section */
		320FB9C8043583D556C6C503 /* Podfile */ = {isa = PBXFileReference; fileEncoding = 4; lastKnownFileType = text; path = Podfile; sourceTree = "<group>"; };
		403270FD1621056500E44DDB /* APWaveFormView.h */ = {isa = PBXFileReference; fileEncoding = 4; lastKnownFileType = sourcecode.c.h; path = APWaveFormView.h; sourceTree = "<group>"; };
		403270FE1621056500E44DDB /* APWaveFormView.m */ = {isa = PBXFileReference; fileEncoding = 4; lastKnownFileType = sourcecode.c.objc; path = APWaveFormView.m; sourceTree = "<group>"; };
		404152D517B1E0FB00B2F72A /* pub.jpg */ = {isa = PBXFileReference; lastKnownFileType = image.jpeg; path = pub.jpg; sourceTree = "<group>"; };
		404152D617B1E0FB00B2F72A /* pub@2x.jpg */ = {isa = PBXFileReference; lastKnownFileType = image.jpeg; path = "pub@2x.jpg"; sourceTree = "<group>"; };
		404152D917B1E28800B2F72A /* pub.m4a */ = {isa = PBXFileReference; lastKnownFileType = file; path = pub.m4a; sourceTree = "<group>"; };
		404152DB17B2992500B2F72A /* fireworks.jpg */ = {isa = PBXFileReference; lastKnownFileType = image.jpeg; path = fireworks.jpg; sourceTree = "<group>"; };
		404152DC17B2992500B2F72A /* fireworks@2x.jpg */ = {isa = PBXFileReference; lastKnownFileType = image.jpeg; path = "fireworks@2x.jpg"; sourceTree = "<group>"; };
		404152DF17B2992D00B2F72A /* fireworks.m4a */ = {isa = PBXFileReference; lastKnownFileType = file; path = fireworks.m4a; sourceTree = "<group>"; };
		404152E117B29F5500B2F72A /* cicada.jpg */ = {isa = PBXFileReference; lastKnownFileType = image.jpeg; path = cicada.jpg; sourceTree = "<group>"; };
		404152E217B29F5500B2F72A /* cicada@2x.jpg */ = {isa = PBXFileReference; lastKnownFileType = image.jpeg; path = "cicada@2x.jpg"; sourceTree = "<group>"; };
		404152E317B29F5500B2F72A /* seagull.jpg */ = {isa = PBXFileReference; lastKnownFileType = image.jpeg; path = seagull.jpg; sourceTree = "<group>"; };
		404152E417B29F5500B2F72A /* seagull@2x.jpg */ = {isa = PBXFileReference; lastKnownFileType = image.jpeg; path = "seagull@2x.jpg"; sourceTree = "<group>"; };
		404152E917B29F5E00B2F72A /* cicada.m4a */ = {isa = PBXFileReference; lastKnownFileType = file; path = cicada.m4a; sourceTree = "<group>"; };
		404152EA17B29F5E00B2F72A /* seagull.m4a */ = {isa = PBXFileReference; lastKnownFileType = file; path = seagull.m4a; sourceTree = "<group>"; };
		404152ED17B2A53600B2F72A /* thunder.jpg */ = {isa = PBXFileReference; lastKnownFileType = image.jpeg; path = thunder.jpg; sourceTree = "<group>"; };
		404152EE17B2A53600B2F72A /* thunder@2x.jpg */ = {isa = PBXFileReference; lastKnownFileType = image.jpeg; path = "thunder@2x.jpg"; sourceTree = "<group>"; };
		404152F117B2A53E00B2F72A /* thunder.m4a */ = {isa = PBXFileReference; lastKnownFileType = file; path = thunder.m4a; sourceTree = "<group>"; };
		405E060715FB381E00C93E26 /* rain.jpg */ = {isa = PBXFileReference; lastKnownFileType = image.jpeg; path = rain.jpg; sourceTree = "<group>"; };
		405E061515FB3F5200C93E26 /* forest.jpg */ = {isa = PBXFileReference; lastKnownFileType = image.jpeg; path = forest.jpg; sourceTree = "<group>"; };
		405E061615FB3F5200C93E26 /* ocean.jpg */ = {isa = PBXFileReference; lastKnownFileType = image.jpeg; path = ocean.jpg; sourceTree = "<group>"; };
		405E061715FB3F5200C93E26 /* stream.jpg */ = {isa = PBXFileReference; lastKnownFileType = image.jpeg; path = stream.jpg; sourceTree = "<group>"; };
		405E062615FB4D9C00C93E26 /* crickets.jpg */ = {isa = PBXFileReference; lastKnownFileType = image.jpeg; path = crickets.jpg; sourceTree = "<group>"; };
		406A52CF1644EDEF003CA38D /* paper.png */ = {isa = PBXFileReference; lastKnownFileType = image.png; path = paper.png; sourceTree = "<group>"; };
		406A52D01644EDEF003CA38D /* paper@2x.png */ = {isa = PBXFileReference; lastKnownFileType = image.png; path = "paper@2x.png"; sourceTree = "<group>"; };
		406A52D41644F162003CA38D /* delete.png */ = {isa = PBXFileReference; lastKnownFileType = image.png; path = delete.png; sourceTree = "<group>"; };
		406A52D51644F163003CA38D /* delete@2x.png */ = {isa = PBXFileReference; lastKnownFileType = image.png; path = "delete@2x.png"; sourceTree = "<group>"; };
		406A52D61644F163003CA38D /* share.png */ = {isa = PBXFileReference; lastKnownFileType = image.png; path = share.png; sourceTree = "<group>"; };
		406A52D71644F163003CA38D /* share@2x.png */ = {isa = PBXFileReference; lastKnownFileType = image.png; path = "share@2x.png"; sourceTree = "<group>"; };
		406A52DC1644F26A003CA38D /* back.png */ = {isa = PBXFileReference; lastKnownFileType = image.png; path = back.png; sourceTree = "<group>"; };
		406A52DD1644F26A003CA38D /* back@2x.png */ = {isa = PBXFileReference; lastKnownFileType = image.png; path = "back@2x.png"; sourceTree = "<group>"; };
		406A52E71644F34F003CA38D /* en */ = {isa = PBXFileReference; lastKnownFileType = text.plist.strings; name = en; path = en.lproj/Localizable.strings; sourceTree = "<group>"; };
		406A52E91644F386003CA38D /* ja */ = {isa = PBXFileReference; lastKnownFileType = text.plist.strings; name = ja; path = ja.lproj/Localizable.strings; sourceTree = "<group>"; };
		406A52EA1644F386003CA38D /* ja */ = {isa = PBXFileReference; lastKnownFileType = text.plist.strings; name = ja; path = ja.lproj/InfoPlist.strings; sourceTree = "<group>"; };
		406A52EB1644F386003CA38D /* ja */ = {isa = PBXFileReference; lastKnownFileType = text.plist.strings; name = ja; path = ja.lproj/InfoPlist.strings; sourceTree = "<group>"; };
		406A52F416451050003CA38D /* fire.jpg */ = {isa = PBXFileReference; lastKnownFileType = image.jpeg; path = fire.jpg; sourceTree = "<group>"; };
		406A52F516451050003CA38D /* fire@2x.jpg */ = {isa = PBXFileReference; lastKnownFileType = image.jpeg; path = "fire@2x.jpg"; sourceTree = "<group>"; };
		406A52FC1645309F003CA38D /* addimage.png */ = {isa = PBXFileReference; lastKnownFileType = image.png; path = addimage.png; sourceTree = "<group>"; };
		406A52FD1645309F003CA38D /* addimage@2x.png */ = {isa = PBXFileReference; lastKnownFileType = image.png; path = "addimage@2x.png"; sourceTree = "<group>"; };
		407DB502162721850075D935 /* Social.framework */ = {isa = PBXFileReference; lastKnownFileType = wrapper.framework; name = Social.framework; path = System/Library/Frameworks/Social.framework; sourceTree = SDKROOT; };
		407DB583162AAB460075D935 /* airport_deck.jpg */ = {isa = PBXFileReference; lastKnownFileType = image.jpeg; path = airport_deck.jpg; sourceTree = "<group>"; };
		407DB584162AAB460075D935 /* airport_deck@2x.jpg */ = {isa = PBXFileReference; lastKnownFileType = image.jpeg; path = "airport_deck@2x.jpg"; sourceTree = "<group>"; };
		4084D43517E6A61C0075A649 /* Images.xcassets */ = {isa = PBXFileReference; lastKnownFileType = folder.assetcatalog; path = Images.xcassets; sourceTree = "<group>"; };
		4084D43717E6B4D70075A649 /* slider_left@2x.png */ = {isa = PBXFileReference; lastKnownFileType = image.png; path = "slider_left@2x.png"; sourceTree = "<group>"; };
		4084D43817E6B4D70075A649 /* slider_right@2x.png */ = {isa = PBXFileReference; lastKnownFileType = image.png; path = "slider_right@2x.png"; sourceTree = "<group>"; };
		4084D43917E6B4D70075A649 /* slider_thumb@2x.png */ = {isa = PBXFileReference; lastKnownFileType = image.png; path = "slider_thumb@2x.png"; sourceTree = "<group>"; };
		4084D43D17E6B6E90075A649 /* slider_left.png */ = {isa = PBXFileReference; lastKnownFileType = image.png; path = slider_left.png; sourceTree = "<group>"; };
		4084D43E17E6B6E90075A649 /* slider_right.png */ = {isa = PBXFileReference; lastKnownFileType = image.png; path = slider_right.png; sourceTree = "<group>"; };
		4084D43F17E6B6E90075A649 /* slider_thumb.png */ = {isa = PBXFileReference; lastKnownFileType = image.png; path = slider_thumb.png; sourceTree = "<group>"; };
		409D4F0B1608314D00261E70 /* APSoundSelectViewCell.h */ = {isa = PBXFileReference; fileEncoding = 4; lastKnownFileType = sourcecode.c.h; path = APSoundSelectViewCell.h; sourceTree = "<group>"; };
		409D4F0C1608314D00261E70 /* APSoundSelectViewCell.m */ = {isa = PBXFileReference; fileEncoding = 4; lastKnownFileType = sourcecode.c.objc; path = APSoundSelectViewCell.m; sourceTree = "<group>"; };
		40A2068B15F67790004BE2E1 /* AmbientPlayer.app */ = {isa = PBXFileReference; explicitFileType = wrapper.application; includeInIndex = 0; path = AmbientPlayer.app; sourceTree = BUILT_PRODUCTS_DIR; };
		40A2068F15F67790004BE2E1 /* UIKit.framework */ = {isa = PBXFileReference; lastKnownFileType = wrapper.framework; name = UIKit.framework; path = System/Library/Frameworks/UIKit.framework; sourceTree = SDKROOT; };
		40A2069115F67790004BE2E1 /* Foundation.framework */ = {isa = PBXFileReference; lastKnownFileType = wrapper.framework; name = Foundation.framework; path = System/Library/Frameworks/Foundation.framework; sourceTree = SDKROOT; };
		40A2069315F67790004BE2E1 /* CoreGraphics.framework */ = {isa = PBXFileReference; lastKnownFileType = wrapper.framework; name = CoreGraphics.framework; path = System/Library/Frameworks/CoreGraphics.framework; sourceTree = SDKROOT; };
		40A2069715F67790004BE2E1 /* AmbientPlayer-Info.plist */ = {isa = PBXFileReference; lastKnownFileType = text.plist.xml; path = "AmbientPlayer-Info.plist"; sourceTree = "<group>"; };
		40A2069915F67790004BE2E1 /* en */ = {isa = PBXFileReference; lastKnownFileType = text.plist.strings; name = en; path = en.lproj/InfoPlist.strings; sourceTree = "<group>"; };
		40A2069B15F67790004BE2E1 /* main.m */ = {isa = PBXFileReference; lastKnownFileType = sourcecode.c.objc; path = main.m; sourceTree = "<group>"; };
		40A2069D15F67790004BE2E1 /* AmbientPlayer-Prefix.pch */ = {isa = PBXFileReference; lastKnownFileType = sourcecode.c.h; path = "AmbientPlayer-Prefix.pch"; sourceTree = "<group>"; };
		40A2069E15F67790004BE2E1 /* APAppDelegate.h */ = {isa = PBXFileReference; lastKnownFileType = sourcecode.c.h; path = APAppDelegate.h; sourceTree = "<group>"; };
		40A2069F15F67790004BE2E1 /* APAppDelegate.m */ = {isa = PBXFileReference; lastKnownFileType = sourcecode.c.objc; path = APAppDelegate.m; sourceTree = "<group>"; };
		40A206A115F67790004BE2E1 /* APViewController.h */ = {isa = PBXFileReference; lastKnownFileType = sourcecode.c.h; path = APViewController.h; sourceTree = "<group>"; };
		40A206A215F67790004BE2E1 /* APViewController.m */ = {isa = PBXFileReference; lastKnownFileType = sourcecode.c.objc; lineEnding = 0; path = APViewController.m; sourceTree = "<group>"; xcLanguageSpecificationIdentifier = xcode.lang.objc; };
		40A206AF15F67791004BE2E1 /* AmbientPlayerTests.octest */ = {isa = PBXFileReference; explicitFileType = wrapper.cfbundle; includeInIndex = 0; path = AmbientPlayerTests.octest; sourceTree = BUILT_PRODUCTS_DIR; };
		40A206B015F67791004BE2E1 /* SenTestingKit.framework */ = {isa = PBXFileReference; lastKnownFileType = wrapper.framework; name = SenTestingKit.framework; path = Library/Frameworks/SenTestingKit.framework; sourceTree = DEVELOPER_DIR; };
		40A206B815F67791004BE2E1 /* AmbientPlayerTests-Info.plist */ = {isa = PBXFileReference; lastKnownFileType = text.plist.xml; path = "AmbientPlayerTests-Info.plist"; sourceTree = "<group>"; };
		40A206BA15F67791004BE2E1 /* en */ = {isa = PBXFileReference; lastKnownFileType = text.plist.strings; name = en; path = en.lproj/InfoPlist.strings; sourceTree = "<group>"; };
		40A206BC15F67791004BE2E1 /* AmbientPlayerTests.h */ = {isa = PBXFileReference; lastKnownFileType = sourcecode.c.h; path = AmbientPlayerTests.h; sourceTree = "<group>"; };
		40A206BD15F67791004BE2E1 /* AmbientPlayerTests.m */ = {isa = PBXFileReference; lastKnownFileType = sourcecode.c.objc; path = AmbientPlayerTests.m; sourceTree = "<group>"; };
		40A206C715F67C19004BE2E1 /* AVFoundation.framework */ = {isa = PBXFileReference; lastKnownFileType = wrapper.framework; name = AVFoundation.framework; path = ../../../../../../System/Library/Frameworks/AVFoundation.framework; sourceTree = "<group>"; };
		40A2DA8017B1D0B000EDC0CB /* waterfall.jpg */ = {isa = PBXFileReference; lastKnownFileType = image.jpeg; path = waterfall.jpg; sourceTree = "<group>"; };
		40A2DA8117B1D0B000EDC0CB /* waterfall@2x.jpg */ = {isa = PBXFileReference; lastKnownFileType = image.jpeg; path = "waterfall@2x.jpg"; sourceTree = "<group>"; };
		40A2DA8817B1D6BD00EDC0CB /* airport_deck.m4a */ = {isa = PBXFileReference; lastKnownFileType = file; path = airport_deck.m4a; sourceTree = "<group>"; };
		40A2DA8917B1D6BD00EDC0CB /* airport_in.m4a */ = {isa = PBXFileReference; lastKnownFileType = file; path = airport_in.m4a; sourceTree = "<group>"; };
		40A2DA8A17B1D6BD00EDC0CB /* crickets.m4a */ = {isa = PBXFileReference; lastKnownFileType = file; path = crickets.m4a; sourceTree = "<group>"; };
		40A2DA8B17B1D6BD00EDC0CB /* fire.m4a */ = {isa = PBXFileReference; lastKnownFileType = file; path = fire.m4a; sourceTree = "<group>"; };
		40A2DA8C17B1D6BD00EDC0CB /* forest.m4a */ = {isa = PBXFileReference; lastKnownFileType = file; path = forest.m4a; sourceTree = "<group>"; };
		40A2DA8D17B1D6BD00EDC0CB /* ocean.m4a */ = {isa = PBXFileReference; lastKnownFileType = file; path = ocean.m4a; sourceTree = "<group>"; };
		40A2DA8E17B1D6BE00EDC0CB /* rain.m4a */ = {isa = PBXFileReference; lastKnownFileType = file; path = rain.m4a; sourceTree = "<group>"; };
		40A2DA9017B1D6BE00EDC0CB /* stream.m4a */ = {isa = PBXFileReference; lastKnownFileType = file; path = stream.m4a; sourceTree = "<group>"; };
		40A2DA9117B1D6BE00EDC0CB /* waterfall.m4a */ = {isa = PBXFileReference; lastKnownFileType = file; path = waterfall.m4a; sourceTree = "<group>"; };
		40B6FA2B161904210051FD8B /* airport_in.jpg */ = {isa = PBXFileReference; lastKnownFileType = image.jpeg; path = airport_in.jpg; sourceTree = "<group>"; };
		40B6FA2C161904210051FD8B /* airport_in@2x.jpg */ = {isa = PBXFileReference; lastKnownFileType = image.jpeg; path = "airport_in@2x.jpg"; sourceTree = "<group>"; };
		40B6FA48161A69060051FD8B /* sound.png */ = {isa = PBXFileReference; lastKnownFileType = image.png; path = sound.png; sourceTree = "<group>"; };
		40B6FA49161A69060051FD8B /* sound@2x.png */ = {isa = PBXFileReference; lastKnownFileType = image.png; path = "sound@2x.png"; sourceTree = "<group>"; };
		40B6FA4C161A6A850051FD8B /* add.png */ = {isa = PBXFileReference; lastKnownFileType = image.png; path = add.png; sourceTree = "<group>"; };
		40B6FA4D161A6A850051FD8B /* add@2x.png */ = {isa = PBXFileReference; lastKnownFileType = image.png; path = "add@2x.png"; sourceTree = "<group>"; };
		40B6FA54161BCA730051FD8B /* QuartzCore.framework */ = {isa = PBXFileReference; lastKnownFileType = wrapper.framework; name = QuartzCore.framework; path = System/Library/Frameworks/QuartzCore.framework; sourceTree = SDKROOT; };
		40B6FA58161BCB530051FD8B /* APLevelMeterView.h */ = {isa = PBXFileReference; fileEncoding = 4; lastKnownFileType = sourcecode.c.h; path = APLevelMeterView.h; sourceTree = "<group>"; };
		40B6FA59161BCB540051FD8B /* APLevelMeterView.m */ = {isa = PBXFileReference; fileEncoding = 4; lastKnownFileType = sourcecode.c.objc; path = APLevelMeterView.m; sourceTree = "<group>"; };
		40D289BE1608ABC400685175 /* ocean@2x.jpg */ = {isa = PBXFileReference; lastKnownFileType = image.jpeg; path = "ocean@2x.jpg"; sourceTree = "<group>"; };
		40D289C11608ACAA00685175 /* rain@2x.jpg */ = {isa = PBXFileReference; lastKnownFileType = image.jpeg; path = "rain@2x.jpg"; sourceTree = "<group>"; };
		40D289C31608AE6400685175 /* forest@2x.jpg */ = {isa = PBXFileReference; lastKnownFileType = image.jpeg; path = "forest@2x.jpg"; sourceTree = "<group>"; };
		40D289C51608B2D400685175 /* crickets@2x.jpg */ = {isa = PBXFileReference; lastKnownFileType = image.jpeg; path = "crickets@2x.jpg"; sourceTree = "<group>"; };
		40D289C71608B2F200685175 /* stream@2x.jpg */ = {isa = PBXFileReference; lastKnownFileType = image.jpeg; path = "stream@2x.jpg"; sourceTree = "<group>"; };
		40D289CD1608C46E00685175 /* APGradientBackgroundView.h */ = {isa = PBXFileReference; fileEncoding = 4; lastKnownFileType = sourcecode.c.h; path = APGradientBackgroundView.h; sourceTree = "<group>"; };
		40D289CE1608C46E00685175 /* APGradientBackgroundView.m */ = {isa = PBXFileReference; fileEncoding = 4; lastKnownFileType = sourcecode.c.objc; path = APGradientBackgroundView.m; sourceTree = "<group>"; };
		40DB23D316225D5A0015CD81 /* max.png */ = {isa = PBXFileReference; lastKnownFileType = image.png; path = max.png; sourceTree = "<group>"; };
		40DB23D416225D5A0015CD81 /* max@2x.png */ = {isa = PBXFileReference; lastKnownFileType = image.png; path = "max@2x.png"; sourceTree = "<group>"; };
		40DB23D516225D5A0015CD81 /* min.png */ = {isa = PBXFileReference; lastKnownFileType = image.png; path = min.png; sourceTree = "<group>"; };
		40DB23D616225D5A0015CD81 /* min@2x.png */ = {isa = PBXFileReference; lastKnownFileType = image.png; path = "min@2x.png"; sourceTree = "<group>"; };
		40DB23E216229C640015CD81 /* APSoundCellBackView.h */ = {isa = PBXFileReference; fileEncoding = 4; lastKnownFileType = sourcecode.c.h; path = APSoundCellBackView.h; sourceTree = "<group>"; };
		40DB23E316229C640015CD81 /* APSoundCellBackView.m */ = {isa = PBXFileReference; fileEncoding = 4; lastKnownFileType = sourcecode.c.objc; path = APSoundCellBackView.m; sourceTree = "<group>"; };
		40DB23E71622BA400015CD81 /* APSoundCellBackView.xib */ = {isa = PBXFileReference; fileEncoding = 4; lastKnownFileType = file.xib; path = APSoundCellBackView.xib; sourceTree = "<group>"; };
		40E50C9B160CD88200AEE0B5 /* MediaPlayer.framework */ = {isa = PBXFileReference; lastKnownFileType = wrapper.framework; name = MediaPlayer.framework; path = System/Library/Frameworks/MediaPlayer.framework; sourceTree = SDKROOT; };
		5A3567BC2CFA4E30A453E051 /* Pods.xcconfig */ = {isa = PBXFileReference; includeInIndex = 1; lastKnownFileType = text.xcconfig; name = Pods.xcconfig; path = Pods/Pods.xcconfig; sourceTree = "<group>"; };
		7EC929BB15FB475200A5C4A7 /* AudioToolbox.framework */ = {isa = PBXFileReference; lastKnownFileType = wrapper.framework; name = AudioToolbox.framework; path = System/Library/Frameworks/AudioToolbox.framework; sourceTree = SDKROOT; };
		7EDE0C0215FB108200789400 /* APCrossFadePlayer.h */ = {isa = PBXFileReference; fileEncoding = 4; lastKnownFileType = sourcecode.c.h; path = APCrossFadePlayer.h; sourceTree = "<group>"; };
		7EDE0C0315FB108200789400 /* APCrossFadePlayer.m */ = {isa = PBXFileReference; fileEncoding = 4; lastKnownFileType = sourcecode.c.objc; path = APCrossFadePlayer.m; sourceTree = "<group>"; };
		7EDE0C0B15FB234C00789400 /* iPhone.storyboard */ = {isa = PBXFileReference; fileEncoding = 4; lastKnownFileType = file.storyboard; path = iPhone.storyboard; sourceTree = "<group>"; };
		7EDE0C1015FB2C4300789400 /* APSoundEntry.h */ = {isa = PBXFileReference; fileEncoding = 4; lastKnownFileType = sourcecode.c.h; path = APSoundEntry.h; sourceTree = "<group>"; };
		7EDE0C1115FB2C4300789400 /* APSoundEntry.m */ = {isa = PBXFileReference; fileEncoding = 4; lastKnownFileType = sourcecode.c.objc; path = APSoundEntry.m; sourceTree = "<group>"; };
		7EE380801605A69F006647C8 /* CoreAudio.framework */ = {isa = PBXFileReference; lastKnownFileType = wrapper.framework; name = CoreAudio.framework; path = System/Library/Frameworks/CoreAudio.framework; sourceTree = SDKROOT; };
		AF05D61A166F1FE1008C6342 /* scshare@2x.png */ = {isa = PBXFileReference; lastKnownFileType = image.png; path = "scshare@2x.png"; sourceTree = "<group>"; };
		AF05D61B166F1FE1008C6342 /* scshare.png */ = {isa = PBXFileReference; lastKnownFileType = image.png; path = scshare.png; sourceTree = "<group>"; };
		AF4E5D0915FB376A001438B3 /* APRecordViewController.h */ = {isa = PBXFileReference; fileEncoding = 4; lastKnownFileType = sourcecode.c.h; path = APRecordViewController.h; sourceTree = "<group>"; };
		AF4E5D0A15FB376A001438B3 /* APRecordViewController.m */ = {isa = PBXFileReference; fileEncoding = 4; lastKnownFileType = sourcecode.c.objc; path = APRecordViewController.m; sourceTree = "<group>"; };
		AF5B0631163BA264000ABBBA /* CoreData.framework */ = {isa = PBXFileReference; lastKnownFileType = wrapper.framework; name = CoreData.framework; path = System/Library/Frameworks/CoreData.framework; sourceTree = SDKROOT; };
		AF8288781676CA7A0022B1AA /* APCustomSoundEntryModels 2.xcdatamodel */ = {isa = PBXFileReference; lastKnownFileType = wrapper.xcdatamodel; path = "APCustomSoundEntryModels 2.xcdatamodel"; sourceTree = "<group>"; };
		AF85BA1E1677505D002F5380 /* APSoundCloudActivity.h */ = {isa = PBXFileReference; fileEncoding = 4; lastKnownFileType = sourcecode.c.h; path = APSoundCloudActivity.h; sourceTree = "<group>"; };
		AF85BA1F1677505D002F5380 /* APSoundCloudActivity.m */ = {isa = PBXFileReference; fileEncoding = 4; lastKnownFileType = sourcecode.c.objc; path = APSoundCloudActivity.m; sourceTree = "<group>"; };
		AF85BA2116775178002F5380 /* scshareicon.png */ = {isa = PBXFileReference; lastKnownFileType = image.png; path = scshareicon.png; sourceTree = "<group>"; };
		AF85BA2216775178002F5380 /* scshareicon@2x.png */ = {isa = PBXFileReference; lastKnownFileType = image.png; path = "scshareicon@2x.png"; sourceTree = "<group>"; };
		AFA421B3184DFF15005B4959 /* APSoundCloudDownloadController.h */ = {isa = PBXFileReference; fileEncoding = 4; lastKnownFileType = sourcecode.c.h; path = APSoundCloudDownloadController.h; sourceTree = "<group>"; };
		AFA421B4184DFF15005B4959 /* APSoundCloudDownloadController.m */ = {isa = PBXFileReference; fileEncoding = 4; lastKnownFileType = sourcecode.c.objc; path = APSoundCloudDownloadController.m; sourceTree = "<group>"; };
		AFA421B5184DFF15005B4959 /* APSoundCloudDownloadController.xib */ = {isa = PBXFileReference; fileEncoding = 4; lastKnownFileType = file.xib; path = APSoundCloudDownloadController.xib; sourceTree = "<group>"; };
		AFB57AA4166F050E00294FE0 /* SoundCloud.bundle */ = {isa = PBXFileReference; lastKnownFileType = "wrapper.plug-in"; name = SoundCloud.bundle; path = AmbientPlayer/SoundCloud.bundle; sourceTree = "<group>"; };
		AFC37EC9163BA5080022E023 /* APCustomSoundEntryModels.xcdatamodel */ = {isa = PBXFileReference; lastKnownFileType = wrapper.xcdatamodel; path = APCustomSoundEntryModels.xcdatamodel; sourceTree = "<group>"; };
		AFC37ECC163BA86A0022E023 /* APCustomSoundEntryModel.h */ = {isa = PBXFileReference; fileEncoding = 4; lastKnownFileType = sourcecode.c.h; path = APCustomSoundEntryModel.h; sourceTree = "<group>"; };
		AFC37ECD163BA86A0022E023 /* APCustomSoundEntryModel.m */ = {isa = PBXFileReference; fileEncoding = 4; lastKnownFileType = sourcecode.c.objc; path = APCustomSoundEntryModel.m; sourceTree = "<group>"; };
		AFFA3298166D9CE200A10743 /* AddressBook.framework */ = {isa = PBXFileReference; lastKnownFileType = wrapper.framework; name = AddressBook.framework; path = System/Library/Frameworks/AddressBook.framework; sourceTree = SDKROOT; };
		AFFA3299166D9CE200A10743 /* AddressBookUI.framework */ = {isa = PBXFileReference; lastKnownFileType = wrapper.framework; name = AddressBookUI.framework; path = System/Library/Frameworks/AddressBookUI.framework; sourceTree = SDKROOT; };
		AFFA329A166D9CE200A10743 /* CoreLocation.framework */ = {isa = PBXFileReference; lastKnownFileType = wrapper.framework; name = CoreLocation.framework; path = System/Library/Frameworks/CoreLocation.framework; sourceTree = SDKROOT; };
		AFFA329B166D9CE200A10743 /* CoreText.framework */ = {isa = PBXFileReference; lastKnownFileType = wrapper.framework; name = CoreText.framework; path = System/Library/Frameworks/CoreText.framework; sourceTree = SDKROOT; };
		AFFA329C166D9CE200A10743 /* Security.framework */ = {isa = PBXFileReference; lastKnownFileType = wrapper.framework; name = Security.framework; path = System/Library/Frameworks/Security.framework; sourceTree = SDKROOT; };
		C33270A4DA4642199DF6C48F /* libPods.a */ = {isa = PBXFileReference; explicitFileType = archive.ar; includeInIndex = 0; path = libPods.a; sourceTree = BUILT_PRODUCTS_DIR; };
/* End PBXFileReference section */

/* Begin PBXFrameworksBuildPhase section */
		40A2068815F67790004BE2E1 /* Frameworks */ = {
			isa = PBXFrameworksBuildPhase;
			buildActionMask = 2147483647;
			files = (
				AFFA329D166D9CE200A10743 /* AddressBook.framework in Frameworks */,
				AFFA329E166D9CE200A10743 /* AddressBookUI.framework in Frameworks */,
				AFFA329F166D9CE200A10743 /* CoreLocation.framework in Frameworks */,
				AFFA32A0166D9CE200A10743 /* CoreText.framework in Frameworks */,
				AFFA32A1166D9CE200A10743 /* Security.framework in Frameworks */,
				40A2069415F67790004BE2E1 /* CoreGraphics.framework in Frameworks */,
				40B6FA55161BCA730051FD8B /* QuartzCore.framework in Frameworks */,
				AF5B0632163BA264000ABBBA /* CoreData.framework in Frameworks */,
				407DB503162721850075D935 /* Social.framework in Frameworks */,
				7EE380811605A69F006647C8 /* CoreAudio.framework in Frameworks */,
				7EC929BC15FB475200A5C4A7 /* AudioToolbox.framework in Frameworks */,
				40A2069015F67790004BE2E1 /* UIKit.framework in Frameworks */,
				40A2069215F67790004BE2E1 /* Foundation.framework in Frameworks */,
				40A206C815F67C19004BE2E1 /* AVFoundation.framework in Frameworks */,
				40E50C9C160CD88200AEE0B5 /* MediaPlayer.framework in Frameworks */,
				C678FF1530D0406ABE9A9361 /* libPods.a in Frameworks */,
			);
			runOnlyForDeploymentPostprocessing = 0;
		};
		40A206AB15F67791004BE2E1 /* Frameworks */ = {
			isa = PBXFrameworksBuildPhase;
			buildActionMask = 2147483647;
			files = (
				40A206B115F67791004BE2E1 /* SenTestingKit.framework in Frameworks */,
				40A206B215F67791004BE2E1 /* UIKit.framework in Frameworks */,
				40A206B315F67791004BE2E1 /* Foundation.framework in Frameworks */,
			);
			runOnlyForDeploymentPostprocessing = 0;
		};
/* End PBXFrameworksBuildPhase section */

/* Begin PBXGroup section */
		4018F06315F6AA0300DB5B15 /* sounds */ = {
			isa = PBXGroup;
			children = (
				404152F117B2A53E00B2F72A /* thunder.m4a */,
				404152E917B29F5E00B2F72A /* cicada.m4a */,
				404152EA17B29F5E00B2F72A /* seagull.m4a */,
				404152DF17B2992D00B2F72A /* fireworks.m4a */,
				404152D917B1E28800B2F72A /* pub.m4a */,
				40A2DA8817B1D6BD00EDC0CB /* airport_deck.m4a */,
				40A2DA8917B1D6BD00EDC0CB /* airport_in.m4a */,
				40A2DA8A17B1D6BD00EDC0CB /* crickets.m4a */,
				40A2DA8B17B1D6BD00EDC0CB /* fire.m4a */,
				40A2DA8C17B1D6BD00EDC0CB /* forest.m4a */,
				40A2DA8D17B1D6BD00EDC0CB /* ocean.m4a */,
				40A2DA8E17B1D6BE00EDC0CB /* rain.m4a */,
				40A2DA9017B1D6BE00EDC0CB /* stream.m4a */,
				40A2DA9117B1D6BE00EDC0CB /* waterfall.m4a */,
			);
			name = sounds;
			path = sound;
			sourceTree = "<group>";
		};
		405E060515FB37EA00C93E26 /* images */ = {
			isa = PBXGroup;
			children = (
				4084D43D17E6B6E90075A649 /* slider_left.png */,
				4084D43E17E6B6E90075A649 /* slider_right.png */,
				4084D43F17E6B6E90075A649 /* slider_thumb.png */,
				4084D43717E6B4D70075A649 /* slider_left@2x.png */,
				4084D43817E6B4D70075A649 /* slider_right@2x.png */,
				4084D43917E6B4D70075A649 /* slider_thumb@2x.png */,
				404152ED17B2A53600B2F72A /* thunder.jpg */,
				404152EE17B2A53600B2F72A /* thunder@2x.jpg */,
				404152E117B29F5500B2F72A /* cicada.jpg */,
				404152E217B29F5500B2F72A /* cicada@2x.jpg */,
				404152E317B29F5500B2F72A /* seagull.jpg */,
				404152E417B29F5500B2F72A /* seagull@2x.jpg */,
				404152DB17B2992500B2F72A /* fireworks.jpg */,
				404152DC17B2992500B2F72A /* fireworks@2x.jpg */,
				404152D517B1E0FB00B2F72A /* pub.jpg */,
				404152D617B1E0FB00B2F72A /* pub@2x.jpg */,
				40A2DA8017B1D0B000EDC0CB /* waterfall.jpg */,
				40A2DA8117B1D0B000EDC0CB /* waterfall@2x.jpg */,
				AF05D61A166F1FE1008C6342 /* scshare@2x.png */,
				AF05D61B166F1FE1008C6342 /* scshare.png */,
				AF85BA2116775178002F5380 /* scshareicon.png */,
				AF85BA2216775178002F5380 /* scshareicon@2x.png */,
				406A52FC1645309F003CA38D /* addimage.png */,
				406A52FD1645309F003CA38D /* addimage@2x.png */,
				406A52F416451050003CA38D /* fire.jpg */,
				406A52F516451050003CA38D /* fire@2x.jpg */,
				406A52DC1644F26A003CA38D /* back.png */,
				406A52DD1644F26A003CA38D /* back@2x.png */,
				406A52D41644F162003CA38D /* delete.png */,
				406A52D51644F163003CA38D /* delete@2x.png */,
				406A52D61644F163003CA38D /* share.png */,
				406A52D71644F163003CA38D /* share@2x.png */,
				406A52CF1644EDEF003CA38D /* paper.png */,
				406A52D01644EDEF003CA38D /* paper@2x.png */,
				407DB583162AAB460075D935 /* airport_deck.jpg */,
				407DB584162AAB460075D935 /* airport_deck@2x.jpg */,
				40DB23D316225D5A0015CD81 /* max.png */,
				40DB23D416225D5A0015CD81 /* max@2x.png */,
				40DB23D516225D5A0015CD81 /* min.png */,
				40DB23D616225D5A0015CD81 /* min@2x.png */,
				40B6FA4C161A6A850051FD8B /* add.png */,
				40B6FA4D161A6A850051FD8B /* add@2x.png */,
				40B6FA48161A69060051FD8B /* sound.png */,
				40B6FA49161A69060051FD8B /* sound@2x.png */,
				40B6FA2B161904210051FD8B /* airport_in.jpg */,
				40B6FA2C161904210051FD8B /* airport_in@2x.jpg */,
				40D289C71608B2F200685175 /* stream@2x.jpg */,
				40D289C51608B2D400685175 /* crickets@2x.jpg */,
				40D289C31608AE6400685175 /* forest@2x.jpg */,
				40D289C11608ACAA00685175 /* rain@2x.jpg */,
				40D289BE1608ABC400685175 /* ocean@2x.jpg */,
				405E062615FB4D9C00C93E26 /* crickets.jpg */,
				405E061515FB3F5200C93E26 /* forest.jpg */,
				405E061615FB3F5200C93E26 /* ocean.jpg */,
				405E061715FB3F5200C93E26 /* stream.jpg */,
				405E060715FB381E00C93E26 /* rain.jpg */,
			);
			path = images;
			sourceTree = "<group>";
		};
		40A2068015F67790004BE2E1 = {
			isa = PBXGroup;
			children = (
				AFB57AA4166F050E00294FE0 /* SoundCloud.bundle */,
				40A2069515F67790004BE2E1 /* AmbientPlayer */,
				40A206B615F67791004BE2E1 /* AmbientPlayerTests */,
				40A2068E15F67790004BE2E1 /* Frameworks */,
				40A2068C15F67790004BE2E1 /* Products */,
				405E060515FB37EA00C93E26 /* images */,
				4018F06315F6AA0300DB5B15 /* sounds */,
				320FB9C8043583D556C6C503 /* Podfile */,
				5A3567BC2CFA4E30A453E051 /* Pods.xcconfig */,
			);
			sourceTree = "<group>";
		};
		40A2068C15F67790004BE2E1 /* Products */ = {
			isa = PBXGroup;
			children = (
				40A2068B15F67790004BE2E1 /* AmbientPlayer.app */,
				40A206AF15F67791004BE2E1 /* AmbientPlayerTests.octest */,
			);
			name = Products;
			sourceTree = "<group>";
		};
		40A2068E15F67790004BE2E1 /* Frameworks */ = {
			isa = PBXGroup;
			children = (
				AFFA3298166D9CE200A10743 /* AddressBook.framework */,
				AFFA3299166D9CE200A10743 /* AddressBookUI.framework */,
				7EC929BB15FB475200A5C4A7 /* AudioToolbox.framework */,
				40A206C715F67C19004BE2E1 /* AVFoundation.framework */,
				7EE380801605A69F006647C8 /* CoreAudio.framework */,
				AF5B0631163BA264000ABBBA /* CoreData.framework */,
				40A2069315F67790004BE2E1 /* CoreGraphics.framework */,
				AFFA329B166D9CE200A10743 /* CoreText.framework */,
				AFFA329A166D9CE200A10743 /* CoreLocation.framework */,
				40A2069115F67790004BE2E1 /* Foundation.framework */,
				40E50C9B160CD88200AEE0B5 /* MediaPlayer.framework */,
				40B6FA54161BCA730051FD8B /* QuartzCore.framework */,
				AFFA329C166D9CE200A10743 /* Security.framework */,
				40A206B015F67791004BE2E1 /* SenTestingKit.framework */,
				407DB502162721850075D935 /* Social.framework */,
				40A2068F15F67790004BE2E1 /* UIKit.framework */,
				C33270A4DA4642199DF6C48F /* libPods.a */,
			);
			name = Frameworks;
			sourceTree = "<group>";
		};
		40A2069515F67790004BE2E1 /* AmbientPlayer */ = {
			isa = PBXGroup;
			children = (
				AFA421B0184CB929005B4959 /* SoundCloudDownload */,
				AFC37EC8163BA5080022E023 /* APCustomSoundEntryModels.xcdatamodeld */,
				AFC37ECC163BA86A0022E023 /* APCustomSoundEntryModel.h */,
				AFC37ECD163BA86A0022E023 /* APCustomSoundEntryModel.m */,
				40A2069E15F67790004BE2E1 /* APAppDelegate.h */,
				40A2069F15F67790004BE2E1 /* APAppDelegate.m */,
				7EDE0C0215FB108200789400 /* APCrossFadePlayer.h */,
				7EDE0C0315FB108200789400 /* APCrossFadePlayer.m */,
				40D289CD1608C46E00685175 /* APGradientBackgroundView.h */,
				40D289CE1608C46E00685175 /* APGradientBackgroundView.m */,
				40B6FA58161BCB530051FD8B /* APLevelMeterView.h */,
				40B6FA59161BCB540051FD8B /* APLevelMeterView.m */,
				403270FD1621056500E44DDB /* APWaveFormView.h */,
				403270FE1621056500E44DDB /* APWaveFormView.m */,
				AF4E5D0915FB376A001438B3 /* APRecordViewController.h */,
				AF4E5D0A15FB376A001438B3 /* APRecordViewController.m */,
				40DB23E216229C640015CD81 /* APSoundCellBackView.h */,
				40DB23E316229C640015CD81 /* APSoundCellBackView.m */,
				40DB23E71622BA400015CD81 /* APSoundCellBackView.xib */,
				7EDE0C1015FB2C4300789400 /* APSoundEntry.h */,
				7EDE0C1115FB2C4300789400 /* APSoundEntry.m */,
				409D4F0B1608314D00261E70 /* APSoundSelectViewCell.h */,
				409D4F0C1608314D00261E70 /* APSoundSelectViewCell.m */,
				AF85BA1E1677505D002F5380 /* APSoundCloudActivity.h */,
				AF85BA1F1677505D002F5380 /* APSoundCloudActivity.m */,
				40A206A115F67790004BE2E1 /* APViewController.h */,
				40A206A215F67790004BE2E1 /* APViewController.m */,
				7EDE0C0B15FB234C00789400 /* iPhone.storyboard */,
				4084D43517E6A61C0075A649 /* Images.xcassets */,
				40A2069615F67790004BE2E1 /* Supporting Files */,
			);
			path = AmbientPlayer;
			sourceTree = "<group>";
		};
		40A2069615F67790004BE2E1 /* Supporting Files */ = {
			isa = PBXGroup;
			children = (
				406A52E81644F34F003CA38D /* Localizable.strings */,
				40A2069715F67790004BE2E1 /* AmbientPlayer-Info.plist */,
				40A2069815F67790004BE2E1 /* InfoPlist.strings */,
				40A2069B15F67790004BE2E1 /* main.m */,
				40A2069D15F67790004BE2E1 /* AmbientPlayer-Prefix.pch */,
			);
			name = "Supporting Files";
			sourceTree = "<group>";
		};
		40A206B615F67791004BE2E1 /* AmbientPlayerTests */ = {
			isa = PBXGroup;
			children = (
				40A206BC15F67791004BE2E1 /* AmbientPlayerTests.h */,
				40A206BD15F67791004BE2E1 /* AmbientPlayerTests.m */,
				40A206B715F67791004BE2E1 /* Supporting Files */,
			);
			path = AmbientPlayerTests;
			sourceTree = "<group>";
		};
		40A206B715F67791004BE2E1 /* Supporting Files */ = {
			isa = PBXGroup;
			children = (
				40A206B815F67791004BE2E1 /* AmbientPlayerTests-Info.plist */,
				40A206B915F67791004BE2E1 /* InfoPlist.strings */,
			);
			name = "Supporting Files";
			sourceTree = "<group>";
		};
		AFA421B0184CB929005B4959 /* SoundCloudDownload */ = {
			isa = PBXGroup;
			children = (
				AFA421B3184DFF15005B4959 /* APSoundCloudDownloadController.h */,
				AFA421B4184DFF15005B4959 /* APSoundCloudDownloadController.m */,
				AFA421B5184DFF15005B4959 /* APSoundCloudDownloadController.xib */,
			);
			name = SoundCloudDownload;
			sourceTree = "<group>";
		};
/* End PBXGroup section */

/* Begin PBXNativeTarget section */
		40A2068A15F67790004BE2E1 /* AmbientPlayer */ = {
			isa = PBXNativeTarget;
			buildConfigurationList = 40A206C115F67791004BE2E1 /* Build configuration list for PBXNativeTarget "AmbientPlayer" */;
			buildPhases = (
				D822DF752C504109BC223780 /* Check Pods Manifest.lock */,
				40A2068715F67790004BE2E1 /* Sources */,
				40A2068815F67790004BE2E1 /* Frameworks */,
				40A2068915F67790004BE2E1 /* Resources */,
				34AF6C9F2C224B358021C55F /* Copy Pods Resources */,
			);
			buildRules = (
			);
			dependencies = (
			);
			name = AmbientPlayer;
			productName = AmbientPlayer;
			productReference = 40A2068B15F67790004BE2E1 /* AmbientPlayer.app */;
			productType = "com.apple.product-type.application";
		};
		40A206AE15F67791004BE2E1 /* AmbientPlayerTests */ = {
			isa = PBXNativeTarget;
			buildConfigurationList = 40A206C415F67791004BE2E1 /* Build configuration list for PBXNativeTarget "AmbientPlayerTests" */;
			buildPhases = (
				40A206AA15F67791004BE2E1 /* Sources */,
				40A206AB15F67791004BE2E1 /* Frameworks */,
				40A206AC15F67791004BE2E1 /* Resources */,
				40A206AD15F67791004BE2E1 /* ShellScript */,
			);
			buildRules = (
			);
			dependencies = (
				40A206B515F67791004BE2E1 /* PBXTargetDependency */,
			);
			name = AmbientPlayerTests;
			productName = AmbientPlayerTests;
			productReference = 40A206AF15F67791004BE2E1 /* AmbientPlayerTests.octest */;
			productType = "com.apple.product-type.bundle";
		};
/* End PBXNativeTarget section */

/* Begin PBXProject section */
		40A2068215F67790004BE2E1 /* Project object */ = {
			isa = PBXProject;
			attributes = {
				CLASSPREFIX = AP;
				LastUpgradeCheck = 0460;
				ORGANIZATIONNAME = "Veronica Software";
				TargetAttributes = {
					40A2068A15F67790004BE2E1 = {
						DevelopmentTeam = 3Y4BVYQ443;
					};
				};
			};
			buildConfigurationList = 40A2068515F67790004BE2E1 /* Build configuration list for PBXProject "AmbientPlayer" */;
			compatibilityVersion = "Xcode 3.2";
			developmentRegion = English;
			hasScannedForEncodings = 0;
			knownRegions = (
				en,
				ja,
			);
			mainGroup = 40A2068015F67790004BE2E1;
			productRefGroup = 40A2068C15F67790004BE2E1 /* Products */;
			projectDirPath = "";
			projectRoot = "";
			targets = (
				40A2068A15F67790004BE2E1 /* AmbientPlayer */,
				40A206AE15F67791004BE2E1 /* AmbientPlayerTests */,
			);
		};
/* End PBXProject section */

/* Begin PBXResourcesBuildPhase section */
		40A2068915F67790004BE2E1 /* Resources */ = {
			isa = PBXResourcesBuildPhase;
			buildActionMask = 2147483647;
			files = (
				404152CC17B1D74E00B2F72A /* airport_deck.m4a in Resources */,
				404152CD17B1D74E00B2F72A /* airport_in.m4a in Resources */,
				404152CE17B1D74E00B2F72A /* crickets.m4a in Resources */,
				404152CF17B1D74E00B2F72A /* fire.m4a in Resources */,
				404152D017B1D74E00B2F72A /* forest.m4a in Resources */,
				404152D117B1D74E00B2F72A /* ocean.m4a in Resources */,
				404152D217B1D74E00B2F72A /* rain.m4a in Resources */,
				404152D317B1D74E00B2F72A /* stream.m4a in Resources */,
				404152D417B1D74E00B2F72A /* waterfall.m4a in Resources */,
				40A2069A15F67790004BE2E1 /* InfoPlist.strings in Resources */,
				7EDE0C0C15FB234C00789400 /* iPhone.storyboard in Resources */,
				405E060815FB381E00C93E26 /* rain.jpg in Resources */,
				4084D43C17E6B4D70075A649 /* slider_thumb@2x.png in Resources */,
				405E061815FB3F5200C93E26 /* forest.jpg in Resources */,
				405E061915FB3F5200C93E26 /* ocean.jpg in Resources */,
				405E061A15FB3F5200C93E26 /* stream.jpg in Resources */,
				405E062715FB4D9C00C93E26 /* crickets.jpg in Resources */,
				40D289BF1608ABC400685175 /* ocean@2x.jpg in Resources */,
				40D289C21608ACAA00685175 /* rain@2x.jpg in Resources */,
				40D289C41608AE6400685175 /* forest@2x.jpg in Resources */,
				40D289C61608B2D400685175 /* crickets@2x.jpg in Resources */,
				40D289C81608B2F200685175 /* stream@2x.jpg in Resources */,
				40B6FA2D161904210051FD8B /* airport_in.jpg in Resources */,
				40B6FA2E161904210051FD8B /* airport_in@2x.jpg in Resources */,
				4084D43B17E6B4D70075A649 /* slider_right@2x.png in Resources */,
				40B6FA4A161A69060051FD8B /* sound.png in Resources */,
				40B6FA4B161A69060051FD8B /* sound@2x.png in Resources */,
				40B6FA4E161A6A850051FD8B /* add.png in Resources */,
				40B6FA4F161A6A850051FD8B /* add@2x.png in Resources */,
				40DB23D716225D5A0015CD81 /* max.png in Resources */,
				40DB23D816225D5A0015CD81 /* max@2x.png in Resources */,
				40DB23D916225D5A0015CD81 /* min.png in Resources */,
				4084D44217E6B6E90075A649 /* slider_thumb.png in Resources */,
				40DB23DA16225D5A0015CD81 /* min@2x.png in Resources */,
				40DB23E81622BA410015CD81 /* APSoundCellBackView.xib in Resources */,
				407DB585162AAB460075D935 /* airport_deck.jpg in Resources */,
				407DB586162AAB460075D935 /* airport_deck@2x.jpg in Resources */,
				4084D44117E6B6E90075A649 /* slider_right.png in Resources */,
				406A52D11644EDEF003CA38D /* paper.png in Resources */,
				406A52D21644EDEF003CA38D /* paper@2x.png in Resources */,
				406A52D81644F163003CA38D /* delete.png in Resources */,
				4084D43A17E6B4D70075A649 /* slider_left@2x.png in Resources */,
				AFA421B7184DFF15005B4959 /* APSoundCloudDownloadController.xib in Resources */,
				406A52D91644F163003CA38D /* delete@2x.png in Resources */,
				406A52DA1644F163003CA38D /* share.png in Resources */,
				406A52DB1644F163003CA38D /* share@2x.png in Resources */,
				406A52DE1644F26A003CA38D /* back.png in Resources */,
				406A52DF1644F26A003CA38D /* back@2x.png in Resources */,
				406A52E61644F34F003CA38D /* Localizable.strings in Resources */,
				406A52F616451050003CA38D /* fire.jpg in Resources */,
				4084D43617E6A61C0075A649 /* Images.xcassets in Resources */,
				406A52F716451050003CA38D /* fire@2x.jpg in Resources */,
				406A5300164530AA003CA38D /* addimage@2x.png in Resources */,
				406A5301164530AE003CA38D /* addimage.png in Resources */,
				AFB57AA5166F051400294FE0 /* SoundCloud.bundle in Resources */,
				AF05D61C166F1FE1008C6342 /* scshare@2x.png in Resources */,
				AF05D61D166F1FE1008C6342 /* scshare.png in Resources */,
				AF85BA2316775178002F5380 /* scshareicon.png in Resources */,
				AF85BA2416775178002F5380 /* scshareicon@2x.png in Resources */,
				40A2DA8217B1D0B000EDC0CB /* waterfall.jpg in Resources */,
				40A2DA8317B1D0B000EDC0CB /* waterfall@2x.jpg in Resources */,
				404152D717B1E0FB00B2F72A /* pub.jpg in Resources */,
				404152D817B1E0FB00B2F72A /* pub@2x.jpg in Resources */,
				404152DA17B1E28800B2F72A /* pub.m4a in Resources */,
				404152DD17B2992500B2F72A /* fireworks.jpg in Resources */,
				404152DE17B2992500B2F72A /* fireworks@2x.jpg in Resources */,
				404152E017B2992D00B2F72A /* fireworks.m4a in Resources */,
				404152E517B29F5500B2F72A /* cicada.jpg in Resources */,
				404152E617B29F5500B2F72A /* cicada@2x.jpg in Resources */,
				404152E717B29F5500B2F72A /* seagull.jpg in Resources */,
				404152E817B29F5500B2F72A /* seagull@2x.jpg in Resources */,
				404152EB17B29F5E00B2F72A /* cicada.m4a in Resources */,
				404152EC17B29F5E00B2F72A /* seagull.m4a in Resources */,
				4084D44017E6B6E90075A649 /* slider_left.png in Resources */,
				404152EF17B2A53600B2F72A /* thunder.jpg in Resources */,
				404152F017B2A53600B2F72A /* thunder@2x.jpg in Resources */,
				404152F217B2A53E00B2F72A /* thunder.m4a in Resources */,
				320FBBFE63F496FB24B5FFD8 /* Podfile in Resources */,
			);
			runOnlyForDeploymentPostprocessing = 0;
		};
		40A206AC15F67791004BE2E1 /* Resources */ = {
			isa = PBXResourcesBuildPhase;
			buildActionMask = 2147483647;
			files = (
				40A206BB15F67791004BE2E1 /* InfoPlist.strings in Resources */,
				40A2DA9217B1D6BE00EDC0CB /* airport_deck.m4a in Resources */,
				40A2DA9317B1D6BE00EDC0CB /* airport_in.m4a in Resources */,
				40A2DA9417B1D6BE00EDC0CB /* crickets.m4a in Resources */,
				40A2DA9517B1D6BE00EDC0CB /* fire.m4a in Resources */,
				40A2DA9617B1D6BE00EDC0CB /* forest.m4a in Resources */,
				40A2DA9717B1D6BE00EDC0CB /* ocean.m4a in Resources */,
				40A2DA9817B1D6BE00EDC0CB /* rain.m4a in Resources */,
				40A2DA9A17B1D6BE00EDC0CB /* stream.m4a in Resources */,
				40A2DA9B17B1D6BE00EDC0CB /* waterfall.m4a in Resources */,
			);
			runOnlyForDeploymentPostprocessing = 0;
		};
/* End PBXResourcesBuildPhase section */

/* Begin PBXShellScriptBuildPhase section */
		34AF6C9F2C224B358021C55F /* Copy Pods Resources */ = {
			isa = PBXShellScriptBuildPhase;
			buildActionMask = 2147483647;
			files = (
			);
			inputPaths = (
			);
			name = "Copy Pods Resources";
			outputPaths = (
			);
			runOnlyForDeploymentPostprocessing = 0;
			shellPath = /bin/sh;
			shellScript = "\"${SRCROOT}/Pods/Pods-resources.sh\"\n";
			showEnvVarsInLog = 0;
		};
		40A206AD15F67791004BE2E1 /* ShellScript */ = {
			isa = PBXShellScriptBuildPhase;
			buildActionMask = 2147483647;
			files = (
			);
			inputPaths = (
			);
			outputPaths = (
			);
			runOnlyForDeploymentPostprocessing = 0;
			shellPath = /bin/sh;
			shellScript = "# Run the unit tests in this test bundle.\n\"${SYSTEM_DEVELOPER_DIR}/Tools/RunUnitTests\"\n";
		};
		D822DF752C504109BC223780 /* Check Pods Manifest.lock */ = {
			isa = PBXShellScriptBuildPhase;
			buildActionMask = 2147483647;
			files = (
			);
			inputPaths = (
			);
			name = "Check Pods Manifest.lock";
			outputPaths = (
			);
			runOnlyForDeploymentPostprocessing = 0;
			shellPath = /bin/sh;
			shellScript = "diff \"${PODS_ROOT}/../Podfile.lock\" \"${PODS_ROOT}/Manifest.lock\" > /dev/null\nif [[ $? != 0 ]] ; then\n    cat << EOM\nerror: The sandbox is not in sync with the Podfile.lock. Run 'pod install' or update your CocoaPods installation.\nEOM\n    exit 1\nfi\n";
			showEnvVarsInLog = 0;
		};
/* End PBXShellScriptBuildPhase section */

/* Begin PBXSourcesBuildPhase section */
		40A2068715F67790004BE2E1 /* Sources */ = {
			isa = PBXSourcesBuildPhase;
			buildActionMask = 2147483647;
			files = (
				40A2069C15F67790004BE2E1 /* main.m in Sources */,
				40A206A015F67790004BE2E1 /* APAppDelegate.m in Sources */,
				40A206A315F67790004BE2E1 /* APViewController.m in Sources */,
				7EDE0C0415FB108200789400 /* APCrossFadePlayer.m in Sources */,
				7EDE0C1215FB2C4300789400 /* APSoundEntry.m in Sources */,
				AF4E5D0B15FB376A001438B3 /* APRecordViewController.m in Sources */,
				409D4F0D1608314E00261E70 /* APSoundSelectViewCell.m in Sources */,
				40D289CF1608C46E00685175 /* APGradientBackgroundView.m in Sources */,
				40B6FA5A161BCB540051FD8B /* APLevelMeterView.m in Sources */,
				403270FF1621056600E44DDB /* APWaveFormView.m in Sources */,
				AFA421B6184DFF15005B4959 /* APSoundCloudDownloadController.m in Sources */,
				40DB23E416229C640015CD81 /* APSoundCellBackView.m in Sources */,
				AFC37ECA163BA5080022E023 /* APCustomSoundEntryModels.xcdatamodeld in Sources */,
				AFC37ECE163BA86A0022E023 /* APCustomSoundEntryModel.m in Sources */,
				AF85BA201677505D002F5380 /* APSoundCloudActivity.m in Sources */,
			);
			runOnlyForDeploymentPostprocessing = 0;
		};
		40A206AA15F67791004BE2E1 /* Sources */ = {
			isa = PBXSourcesBuildPhase;
			buildActionMask = 2147483647;
			files = (
				40A206BE15F67791004BE2E1 /* AmbientPlayerTests.m in Sources */,
				AFC37ECB163BA5080022E023 /* APCustomSoundEntryModels.xcdatamodeld in Sources */,
				AFC37ECF163BA86A0022E023 /* APCustomSoundEntryModel.m in Sources */,
			);
			runOnlyForDeploymentPostprocessing = 0;
		};
/* End PBXSourcesBuildPhase section */

/* Begin PBXTargetDependency section */
		40A206B515F67791004BE2E1 /* PBXTargetDependency */ = {
			isa = PBXTargetDependency;
			target = 40A2068A15F67790004BE2E1 /* AmbientPlayer */;
			targetProxy = 40A206B415F67791004BE2E1 /* PBXContainerItemProxy */;
		};
/* End PBXTargetDependency section */

/* Begin PBXVariantGroup section */
		406A52E81644F34F003CA38D /* Localizable.strings */ = {
			isa = PBXVariantGroup;
			children = (
				406A52E71644F34F003CA38D /* en */,
				406A52E91644F386003CA38D /* ja */,
			);
			name = Localizable.strings;
			sourceTree = "<group>";
		};
		40A2069815F67790004BE2E1 /* InfoPlist.strings */ = {
			isa = PBXVariantGroup;
			children = (
				40A2069915F67790004BE2E1 /* en */,
				406A52EA1644F386003CA38D /* ja */,
			);
			name = InfoPlist.strings;
			sourceTree = "<group>";
		};
		40A206B915F67791004BE2E1 /* InfoPlist.strings */ = {
			isa = PBXVariantGroup;
			children = (
				40A206BA15F67791004BE2E1 /* en */,
				406A52EB1644F386003CA38D /* ja */,
			);
			name = InfoPlist.strings;
			sourceTree = "<group>";
		};
/* End PBXVariantGroup section */

/* Begin XCBuildConfiguration section */
		40A206BF15F67791004BE2E1 /* Debug */ = {
			isa = XCBuildConfiguration;
			buildSettings = {
				ALWAYS_SEARCH_USER_PATHS = NO;
				ARCHS = "$(ARCHS_STANDARD_32_BIT)";
				CLANG_CXX_LANGUAGE_STANDARD = "gnu++0x";
				CLANG_ENABLE_OBJC_ARC = YES;
				CLANG_WARN_CONSTANT_CONVERSION = YES;
				CLANG_WARN_ENUM_CONVERSION = YES;
				CLANG_WARN_INT_CONVERSION = YES;
				CLANG_WARN__DUPLICATE_METHOD_MATCH = YES;
				CODE_SIGN_IDENTITY = "iPhone Developer";
				"CODE_SIGN_IDENTITY[sdk=iphoneos*]" = "iPhone Developer";
				COPY_PHASE_STRIP = NO;
				GCC_C_LANGUAGE_STANDARD = gnu99;
				GCC_DYNAMIC_NO_PIC = NO;
				GCC_OPTIMIZATION_LEVEL = 0;
				GCC_PREPROCESSOR_DEFINITIONS = (
					"DEBUG=1",
					"$(inherited)",
				);
				GCC_SYMBOLS_PRIVATE_EXTERN = NO;
				GCC_VERSION = com.apple.compilers.llvm.clang.1_0;
				GCC_WARN_ABOUT_RETURN_TYPE = YES;
				GCC_WARN_UNINITIALIZED_AUTOS = YES;
				GCC_WARN_UNUSED_VARIABLE = YES;
				"HEADER_SEARCH_PATHS[arch=*]" = "$PROJECT_DIR/**";
				IPHONEOS_DEPLOYMENT_TARGET = 6.0;
				ONLY_ACTIVE_ARCH = NO;
				OTHER_LDFLAGS = "-ObjC";
				PROVISIONING_PROFILE = "";
				"PROVISIONING_PROFILE[sdk=iphoneos*]" = "";
				SDKROOT = iphoneos;
				TARGETED_DEVICE_FAMILY = 1;
			};
			name = Debug;
		};
		40A206C015F67791004BE2E1 /* Release */ = {
			isa = XCBuildConfiguration;
			buildSettings = {
				ALWAYS_SEARCH_USER_PATHS = NO;
				ARCHS = "$(ARCHS_STANDARD_32_BIT)";
				CLANG_CXX_LANGUAGE_STANDARD = "gnu++0x";
				CLANG_ENABLE_OBJC_ARC = YES;
				CLANG_WARN_CONSTANT_CONVERSION = YES;
				CLANG_WARN_ENUM_CONVERSION = YES;
				CLANG_WARN_INT_CONVERSION = YES;
				CLANG_WARN__DUPLICATE_METHOD_MATCH = YES;
				CODE_SIGN_IDENTITY = "iPhone Distribution";
				"CODE_SIGN_IDENTITY[sdk=iphoneos*]" = "iPhone Distribution";
				COPY_PHASE_STRIP = YES;
				GCC_C_LANGUAGE_STANDARD = gnu99;
				GCC_VERSION = com.apple.compilers.llvm.clang.1_0;
				GCC_WARN_ABOUT_RETURN_TYPE = YES;
				GCC_WARN_UNINITIALIZED_AUTOS = YES;
				GCC_WARN_UNUSED_VARIABLE = YES;
				"HEADER_SEARCH_PATHS[arch=*]" = "$PROJECT_DIR/**";
				IPHONEOS_DEPLOYMENT_TARGET = 6.0;
				ONLY_ACTIVE_ARCH = NO;
				OTHER_CFLAGS = "-DNS_BLOCK_ASSERTIONS=1";
				OTHER_LDFLAGS = "-ObjC";
				PROVISIONING_PROFILE = "";
				"PROVISIONING_PROFILE[sdk=iphoneos*]" = "";
				SDKROOT = iphoneos;
				TARGETED_DEVICE_FAMILY = 1;
				VALIDATE_PRODUCT = YES;
			};
			name = Release;
		};
		40A206C215F67791004BE2E1 /* Debug */ = {
			isa = XCBuildConfiguration;
			baseConfigurationReference = 5A3567BC2CFA4E30A453E051 /* Pods.xcconfig */;
			buildSettings = {
				ASSETCATALOG_COMPILER_APPICON_NAME = AppIcon;
				ASSETCATALOG_COMPILER_LAUNCHIMAGE_NAME = LaunchImage;
				CODE_SIGN_IDENTITY = "iPhone Developer";
				"CODE_SIGN_IDENTITY[sdk=iphoneos*]" = "iPhone Developer";
				GCC_PRECOMPILE_PREFIX_HEADER = YES;
				GCC_PREFIX_HEADER = "AmbientPlayer/AmbientPlayer-Prefix.pch";
				INFOPLIST_FILE = "AmbientPlayer/AmbientPlayer-Info.plist";
				ONLY_ACTIVE_ARCH = NO;
				"OTHER_LDFLAGS[sdk=*]" = (
					"-all_load",
					"-ObjC",
				);
				PRODUCT_NAME = "$(TARGET_NAME)";
				PROVISIONING_PROFILE = "";
				SDKROOT = iphoneos;
				TARGETED_DEVICE_FAMILY = 1;
				WRAPPER_EXTENSION = app;
			};
			name = Debug;
		};
		40A206C315F67791004BE2E1 /* Release */ = {
			isa = XCBuildConfiguration;
			baseConfigurationReference = 5A3567BC2CFA4E30A453E051 /* Pods.xcconfig */;
			buildSettings = {
				ASSETCATALOG_COMPILER_APPICON_NAME = AppIcon;
				ASSETCATALOG_COMPILER_LAUNCHIMAGE_NAME = LaunchImage;
				CODE_SIGN_IDENTITY = "iPhone Developer";
				"CODE_SIGN_IDENTITY[sdk=iphoneos*]" = "iPhone Developer";
				GCC_PRECOMPILE_PREFIX_HEADER = YES;
				GCC_PREFIX_HEADER = "AmbientPlayer/AmbientPlayer-Prefix.pch";
				INFOPLIST_FILE = "AmbientPlayer/AmbientPlayer-Info.plist";
				"OTHER_LDFLAGS[sdk=*]" = (
					"-all_load",
					"-ObjC",
				);
				PRODUCT_NAME = "$(TARGET_NAME)";
				PROVISIONING_PROFILE = "";
				SDKROOT = iphoneos;
				TARGETED_DEVICE_FAMILY = 1;
				WRAPPER_EXTENSION = app;
			};
			name = Release;
		};
		40A206C515F67791004BE2E1 /* Debug */ = {
			isa = XCBuildConfiguration;
			buildSettings = {
				BUNDLE_LOADER = "$(BUILT_PRODUCTS_DIR)/AmbientPlayer.app/AmbientPlayer";
				FRAMEWORK_SEARCH_PATHS = (
					"\"$(SDKROOT)/Developer/Library/Frameworks\"",
					"\"$(DEVELOPER_LIBRARY_DIR)/Frameworks\"",
				);
				GCC_PRECOMPILE_PREFIX_HEADER = YES;
				GCC_PREFIX_HEADER = "AmbientPlayer/AmbientPlayer-Prefix.pch";
				INFOPLIST_FILE = "AmbientPlayerTests/AmbientPlayerTests-Info.plist";
				ONLY_ACTIVE_ARCH = NO;
				PRODUCT_NAME = "$(TARGET_NAME)";
				SDKROOT = iphoneos;
				TEST_HOST = "$(BUNDLE_LOADER)";
				WRAPPER_EXTENSION = octest;
			};
			name = Debug;
		};
		40A206C615F67791004BE2E1 /* Release */ = {
			isa = XCBuildConfiguration;
			buildSettings = {
				BUNDLE_LOADER = "$(BUILT_PRODUCTS_DIR)/AmbientPlayer.app/AmbientPlayer";
				FRAMEWORK_SEARCH_PATHS = (
					"\"$(SDKROOT)/Developer/Library/Frameworks\"",
					"\"$(DEVELOPER_LIBRARY_DIR)/Frameworks\"",
				);
				GCC_PRECOMPILE_PREFIX_HEADER = YES;
				GCC_PREFIX_HEADER = "AmbientPlayer/AmbientPlayer-Prefix.pch";
				INFOPLIST_FILE = "AmbientPlayerTests/AmbientPlayerTests-Info.plist";
				ONLY_ACTIVE_ARCH = NO;
				PRODUCT_NAME = "$(TARGET_NAME)";
				SDKROOT = iphoneos;
				TEST_HOST = "$(BUNDLE_LOADER)";
				WRAPPER_EXTENSION = octest;
			};
			name = Release;
		};
/* End XCBuildConfiguration section */

/* Begin XCConfigurationList section */
		40A2068515F67790004BE2E1 /* Build configuration list for PBXProject "AmbientPlayer" */ = {
			isa = XCConfigurationList;
			buildConfigurations = (
				40A206BF15F67791004BE2E1 /* Debug */,
				40A206C015F67791004BE2E1 /* Release */,
			);
			defaultConfigurationIsVisible = 0;
			defaultConfigurationName = Release;
		};
		40A206C115F67791004BE2E1 /* Build configuration list for PBXNativeTarget "AmbientPlayer" */ = {
			isa = XCConfigurationList;
			buildConfigurations = (
				40A206C215F67791004BE2E1 /* Debug */,
				40A206C315F67791004BE2E1 /* Release */,
			);
			defaultConfigurationIsVisible = 0;
			defaultConfigurationName = Release;
		};
		40A206C415F67791004BE2E1 /* Build configuration list for PBXNativeTarget "AmbientPlayerTests" */ = {
			isa = XCConfigurationList;
			buildConfigurations = (
				40A206C515F67791004BE2E1 /* Debug */,
				40A206C615F67791004BE2E1 /* Release */,
			);
			defaultConfigurationIsVisible = 0;
			defaultConfigurationName = Release;
		};
/* End XCConfigurationList section */

/* Begin XCVersionGroup section */
		AFC37EC8163BA5080022E023 /* APCustomSoundEntryModels.xcdatamodeld */ = {
			isa = XCVersionGroup;
			children = (
				AF8288781676CA7A0022B1AA /* APCustomSoundEntryModels 2.xcdatamodel */,
				AFC37EC9163BA5080022E023 /* APCustomSoundEntryModels.xcdatamodel */,
			);
			currentVersion = AF8288781676CA7A0022B1AA /* APCustomSoundEntryModels 2.xcdatamodel */;
			path = APCustomSoundEntryModels.xcdatamodeld;
			sourceTree = "<group>";
			versionGroupType = wrapper.xcdatamodel;
		};
/* End XCVersionGroup section */
	};
	rootObject = 40A2068215F67790004BE2E1 /* Project object */;
}
